
Microsoft Visual Studio Solution File, Format Version 12.00
# Visual Studio Version 17
VisualStudioVersion = 17.8.34525.116
MinimumVisualStudioVersion = 10.0.40219.1
Project("{9A19103F-16F7-4668-BE54-9A1E7A4F7556}") = "AsyncConsoleExample", "AsyncConsoleExample.csproj", "{D3C14FF0-D18F-454E-9A9C-3C5EC10641CA}"
EndProject
Global
	GlobalSection(SolutionConfigurationPlatforms) = preSolution
		Debug|Any CPU = Debug|Any CPU
		Release|Any CPU = Release|Any CPU
	EndGlobalSection
	GlobalSection(ProjectConfigurationPlatforms) = postSolution
		{D3C14FF0-D18F-454E-9A9C-3C5EC10641CA}.Debug|Any CPU.ActiveCfg = Debug|Any CPU
		{D3C14FF0-D18F-454E-9A9C-3C5EC10641CA}.Debug|Any CPU.Build.0 = Debug|Any CPU
		{D3C14FF0-D18F-454E-9A9C-3C5EC10641CA}.Release|Any CPU.ActiveCfg = Release|Any CPU
		{D3C14FF0-D18F-454E-9A9C-3C5EC10641CA}.Release|Any CPU.Build.0 = Release|Any CPU
	EndGlobalSection
	GlobalSection(SolutionProperties) = preSolution
		HideSolutionNode = FALSE
	EndGlobalSection
	GlobalSection(ExtensibilityGlobals) = postSolution
		SolutionGuid = {1C0EA2FF-1579-43F8-BD76-7977002CE197}
	EndGlobalSection
EndGlobal
